PODS:
  - Alamofire (5.4.3)
  - Japx/Codable (3.0.0):
    - Japx/Core
  - Japx/Core (3.0.0)
  - Moya (15.0.0-alpha.1):
    - Moya/Core (= 15.0.0-alpha.1)
  - Moya-Pretty (3.0.0):
    - Moya-Pretty/Core (= 3.0.0)
  - Moya-Pretty/Combine (3.0.0):
    - Moya-Pretty/Core
    - Moya/Combine (~> 15.0.0-alpha)
  - Moya-Pretty/Core (3.0.0):
    - Moya (~> 15.0.0-alpha)
  - Moya-Pretty/Japx (3.0.0):
    - Japx/Codable
    - Moya-Pretty/Core
  - Moya-Pretty/ObjectMapper (3.0.0):
    - Moya-Pretty/Core
    - ObjectMapper
  - Moya-Pretty/Plugins (3.0.0):
    - Moya-Pretty/Core
  - Moya-Pretty/PromiseKit (3.0.0):
    - Moya-Pretty/Core
    - PromiseKit
  - Moya-Pretty/ReactiveSwift (3.0.0):
    - Moya-Pretty/Core
    - Moya/ReactiveSwift (~> 15.0.0-alpha)
  - Moya-Pretty/RESTful (3.0.0):
    - Moya-Pretty/Core
  - Moya-Pretty/RxSwift (3.0.0):
    - Moya-Pretty/Core
    - Moya/RxSwift (~> 15.0.0-alpha)
  - Moya-Pretty/XMLDictionary (3.0.0):
    - Moya-Pretty/ObjectMapper
    - XMLDictionary
  - Moya/Combine (15.0.0-alpha.1):
    - Moya/Core
  - Moya/Core (15.0.0-alpha.1):
    - Alamofire (~> 5.0)
  - Moya/ReactiveSwift (15.0.0-alpha.1):
    - Moya/Core
    - ReactiveSwift (~> 6.0)
  - Moya/RxSwift (15.0.0-alpha.1):
    - Moya/Core
    - RxSwift (~> 5.0)
  - Nimble (9.2.0)
  - ObjectMapper (4.2.0)
  - PromiseKit (6.15.3):
    - PromiseKit/CorePromise (= 6.15.3)
    - PromiseKit/Foundation (= 6.15.3)
    - PromiseKit/UIKit (= 6.15.3)
  - PromiseKit/CorePromise (6.15.3)
  - PromiseKit/Foundation (6.15.3):
    - PromiseKit/CorePromise
  - PromiseKit/UIKit (6.15.3):
    - PromiseKit/CorePromise
  - Quick (4.0.0)
  - ReactiveSwift (6.6.1)
  - RxBlocking (5.1.1):
    - RxSwift (~> 5)
  - RxCocoa (5.1.1):
    - RxRelay (~> 5)
    - RxSwift (~> 5)
  - RxNimble (5.0.0):
    - RxNimble/RxBlocking (= 5.0.0)
  - RxNimble/Core (5.0.0):
    - Nimble (~> 9.0)
    - RxSwift (~> 5.0)
  - RxNimble/RxBlocking (5.0.0):
    - RxBlocking
    - RxNimble/Core
  - RxRelay (5.1.1):
    - RxSwift (~> 5)
  - RxSwift (5.1.2)
  - RxTest (5.1.2):
    - RxSwift (~> 5)
  - SwiftLint (0.43.1)
  - XMLDictionary (1.4.1)

DEPENDENCIES:
  - Moya-Pretty (from `../`)
  - Moya-Pretty/Combine (from `../`)
  - Moya-Pretty/Japx (from `../`)
  - Moya-Pretty/ObjectMapper (from `../`)
  - Moya-Pretty/Plugins (from `../`)
  - Moya-Pretty/PromiseKit (from `../`)
  - Moya-Pretty/ReactiveSwift (from `../`)
  - Moya-Pretty/RESTful (from `../`)
  - Moya-Pretty/RxSwift (from `../`)
  - Moya-Pretty/XMLDictionary (from `../`)
  - Nimble
  - Quick
  - RxBlocking
  - RxCocoa
  - RxNimble
  - RxTest
  - SwiftLint

SPEC REPOS:
  trunk:
    - Alamofire
    - Japx
    - Moya
    - Nimble
    - ObjectMapper
    - PromiseKit
    - Quick
    - ReactiveSwift
    - RxBlocking
    - RxCocoa
    - RxNimble
    - RxRelay
    - RxSwift
    - RxTest
    - SwiftLint
    - XMLDictionary

EXTERNAL SOURCES:
  Moya-Pretty:
    :path: "../"

SPEC CHECKSUMS:
  Alamofire: e447a2774a40c996748296fa2c55112fdbbc42f9
  Japx: d1f7f3e4b94f2013538102e96cf96fd417005f76
  Moya: 101c94dfb29289736ecd20fa6e82bea665e0671b
  Moya-Pretty: e6503c16f75f12ee08b254ff351221770a685fb1
  Nimble: 4f4a345c80b503b3ea13606a4f98405974ee4d0b
  ObjectMapper: 1eb41f610210777375fa806bf161dc39fb832b81
  PromiseKit: 3b2b6995e51a954c46dbc550ce3da44fbfb563c5
  Quick: 6473349e43b9271a8d43839d9ba1c442ed1b7ac4
  ReactiveSwift: fab34244ad908808dc822bae352a058c8837c4ca
  RxBlocking: 5f700a78cad61ce253ebd37c9a39b5ccc76477b4
  RxCocoa: 32065309a38d29b5b0db858819b5bf9ef038b601
  RxNimble: 3b757b0f8fb4dc487c3f9a383bc61a6f5bd72d28
  RxRelay: d77f7d771495f43c556cbc43eebd1bb54d01e8e9
  RxSwift: 1e2e1f9570186967f617e49128ed26ccf1bafc8e
  RxTest: 274549b747dca56f47c52c8991ec5cf797ecfe40
  SwiftLint: 99f82d07b837b942dd563c668de129a03fc3fb52
  XMLDictionary: fa07b6ff422b3a91d47a5de9bc82e3fc04fbd167

PODFILE CHECKSUM: 69a05863af82c84f925756dc9529c29749f3bed9

COCOAPODS: 1.10.1
