PODS:
  - Alamofire (4.7.2)
  - Moya (11.0.2):
    - Moya/Core (= 11.0.2)
  - Moya-Pretty (1.0):
    - Moya-Pretty/Core (= 1.0)
  - Moya-Pretty/Core (1.0):
    - Moya (~> 11.0)
  - Moya-Pretty/ObjectMapper (1.0):
    - Moya-Pretty/Core
    - ObjectMapper
  - Moya-Pretty/Plugins (1.0):
    - Moya-Pretty/Core
  - Moya-Pretty/PromiseKit (1.0):
    - Moya-Pretty/Core
    - PromiseKit
  - Moya-Pretty/RESTful (1.0):
    - Moya-Pretty/Core
  - Moya-Pretty/RxSwift (1.0):
    - Moya-Pretty/Core
    - Moya/RxSwift
  - Moya-Pretty/XMLDictionary (1.0):
    - Moya-Pretty/ObjectMapper
    - XMLDictionary
  - Moya/Core (11.0.2):
    - Alamofire (~> 4.1)
    - Result (~> 3.0)
  - Moya/RxSwift (11.0.2):
    - Moya/Core
    - RxSwift (~> 4.0)
  - Nimble (7.0.3)
  - ObjectMapper (3.3.0)
  - PromiseKit (6.3.4):
    - PromiseKit/CorePromise (= 6.3.4)
    - PromiseKit/Foundation (= 6.3.4)
    - PromiseKit/UIKit (= 6.3.4)
  - PromiseKit/CorePromise (6.3.4)
  - PromiseKit/Foundation (6.3.4):
    - PromiseKit/CorePromise
  - PromiseKit/UIKit (6.3.4):
    - PromiseKit/CorePromise
  - Quick (1.2.0)
  - Result (3.2.4)
  - RxBlocking (4.2.0):
    - RxSwift (~> 4.0)
  - RxCocoa (4.2.0):
    - RxSwift (~> 4.0)
  - RxNimble (4.1.0):
    - Nimble (~> 7.0)
    - RxBlocking (~> 4.0)
    - RxSwift (~> 4.0)
  - RxSwift (4.2.0)
  - RxTest (4.2.0):
    - RxSwift (~> 4.0)
  - XMLDictionary (1.4.1)

DEPENDENCIES:
  - Moya-Pretty (from `../`)
  - Moya-Pretty/ObjectMapper (from `../`)
  - Moya-Pretty/Plugins (from `../`)
  - Moya-Pretty/PromiseKit (from `../`)
  - Moya-Pretty/RESTful (from `../`)
  - Moya-Pretty/RxSwift (from `../`)
  - Moya-Pretty/XMLDictionary (from `../`)
  - Nimble (~> 7.0.2)
  - Quick (~> 1.2.0)
  - RxBlocking
  - RxCocoa (~> 4.0)
  - RxNimble
  - RxTest (~> 4.0)

SPEC REPOS:
  https://github.com/cocoapods/specs.git:
    - Alamofire
    - Moya
    - Nimble
    - ObjectMapper
    - PromiseKit
    - Quick
    - Result
    - RxBlocking
    - RxCocoa
    - RxNimble
    - RxSwift
    - RxTest
    - XMLDictionary

EXTERNAL SOURCES:
  Moya-Pretty:
    :path: "../"

SPEC CHECKSUMS:
  Alamofire: e4fa87002c137ba2d8d634d2c51fabcda0d5c223
  Moya: a725035953bc1c0eb1be505ab903984501d82440
  Moya-Pretty: 31a570aa839f684885687aa4c9adf22621aa6a37
  Nimble: 7f5a9c447a33002645a071bddafbfb24ea70e0ac
  ObjectMapper: b612bf8c8e99c4dc0bb6013a51f7c27966ed5da9
  PromiseKit: e1425568123ec844a944c93f2bcb29d511d39cf5
  Quick: 58d203b1c5e27fff7229c4c1ae445ad7069a7a08
  Result: d2d07204ce72856f1fd9130bbe42c35a7b0fea10
  RxBlocking: e339d8a6e752e25ade95ff858466c55436668f59
  RxCocoa: 0b54909c902e1e581212a03e690bbd94032d8baa
  RxNimble: e5a34bf3b18d85406fc2a6e2cbc73aa2b4a858f0
  RxSwift: 99e10317ddfcc7fbe01356aafd118fde4a0be104
  RxTest: 8da864c0ee47534f586ff18fb0c7e5b2f1fe5023
  XMLDictionary: fa07b6ff422b3a91d47a5de9bc82e3fc04fbd167

PODFILE CHECKSUM: cea8e7046d6355e585866b1f511b5652a8cab103

COCOAPODS: 1.5.3
